# This file is generated by running "yarn install" inside your project.
# Manual changes might be lost - proceed with caution!

__metadata:
  version: 6
  cacheKey: 8

"code-project-template@workspace:.":
  version: 0.0.0-use.local
  resolution: "code-project-template@workspace:."
  dependencies:
    husky: ^8.0.2
  languageName: unknown
  linkType: soft

"husky@npm:^8.0.2":
  version: 8.0.2
  resolution: "husky@npm:8.0.2"
  bin:
    husky: lib/bin.js
  checksum: e101656fcb56163d610488f186448c78b132626aa427094489d886ce9374955a90274912b0f3a34af3326eaa74977883b032e5f701d7aaf4554daa5a7931be43
  languageName: node
  linkType: hard
